// !$*UTF8*$!
{
	archiveVersion = 1;
	classes = {
	};
	objectVersion = 50;
	objects = {

/* Begin PBXBuildFile section */
		EFE3BD642537D99600419185 /* Quote_MachineApp.swift in Sources */ = {isa = PBXBuildFile; fileRef = EFE3BD632537D99600419185 /* Quote_MachineApp.swift */; };
		EFE3BD662537D99600419185 /* ContentView.swift in Sources */ = {isa = PBXBuildFile; fileRef = EFE3BD652537D99600419185 /* ContentView.swift */; };
		EFE3BD682537D99700419185 /* Assets.xcassets in Resources */ = {isa = PBXBuildFile; fileRef = EFE3BD672537D99700419185 /* Assets.xcassets */; };
		EFE3BD6B2537D99700419185 /* Preview Assets.xcassets in Resources */ = {isa = PBXBuildFile; fileRef = EFE3BD6A2537D99700419185 /* Preview Assets.xcassets */; };
		EFE3BD742537DAA300419185 /* NewQuoteView.swift in Sources */ = {isa = PBXBuildFile; fileRef = EFE3BD732537DAA300419185 /* NewQuoteView.swift */; };
		EFE3BD782537DF2000419185 /* Quotes.swift in Sources */ = {isa = PBXBuildFile; fileRef = EFE3BD772537DF1F00419185 /* Quotes.swift */; };
		EFE3BD87253A3D6B00419185 /* WidgetKit.framework in Frameworks */ = {isa = PBXBuildFile; fileRef = EFE3BD86253A3D6B00419185 /* WidgetKit.framework */; };
		EFE3BD89253A3D6B00419185 /* SwiftUI.framework in Frameworks */ = {isa = PBXBuildFile; fileRef = EFE3BD88253A3D6B00419185 /* SwiftUI.framework */; };
		EFE3BD8C253A3D6B00419185 /* QuoteMachineWidget.swift in Sources */ = {isa = PBXBuildFile; fileRef = EFE3BD8B253A3D6B00419185 /* QuoteMachineWidget.swift */; };
		EFE3BD8F253A3D6C00419185 /* Assets.xcassets in Resources */ = {isa = PBXBuildFile; fileRef = EFE3BD8E253A3D6C00419185 /* Assets.xcassets */; };
		EFE3BD91253A3D6C00419185 /* QuoteMachineWidget.intentdefinition in Sources */ = {isa = PBXBuildFile; fileRef = EFE3BD8D253A3D6B00419185 /* QuoteMachineWidget.intentdefinition */; };
		EFE3BD92253A3D6C00419185 /* QuoteMachineWidget.intentdefinition in Sources */ = {isa = PBXBuildFile; fileRef = EFE3BD8D253A3D6B00419185 /* QuoteMachineWidget.intentdefinition */; };
		EFE3BD95253A3D6C00419185 /* QuoteMachineWidgetExtension.appex in Embed App Extensions */ = {isa = PBXBuildFile; fileRef = EFE3BD84253A3D6B00419185 /* QuoteMachineWidgetExtension.appex */; settings = {ATTRIBUTES = (RemoveHeadersOnCopy, ); }; };
/* End PBXBuildFile section */

/* Begin PBXContainerItemProxy section */
		EFE3BD93253A3D6C00419185 /* PBXContainerItemProxy */ = {
			isa = PBXContainerItemProxy;
			containerPortal = EFE3BD582537D99600419185 /* Project object */;
			proxyType = 1;
			remoteGlobalIDString = EFE3BD83253A3D6B00419185;
			remoteInfo = QuoteMachineWidgetExtension;
		};
/* End PBXContainerItemProxy section */

/* Begin PBXCopyFilesBuildPhase section */
		EFE3BD99253A3D6C00419185 /* Embed App Extensions */ = {
			isa = PBXCopyFilesBuildPhase;
			buildActionMask = 2147483647;
			dstPath = "";
			dstSubfolderSpec = 13;
			files = (
				EFE3BD95253A3D6C00419185 /* QuoteMachineWidgetExtension.appex in Embed App Extensions */,
			);
			name = "Embed App Extensions";
			runOnlyForDeploymentPostprocessing = 0;
		};
/* End PBXCopyFilesBuildPhase section */

/* Begin PBXFileReference section */
		EFE3BD602537D99600419185 /* Quote_Machine.app */ = {isa = PBXFileReference; explicitFileType = wrapper.application; includeInIndex = 0; path = Quote_Machine.app; sourceTree = BUILT_PRODUCTS_DIR; };
		EFE3BD632537D99600419185 /* Quote_MachineApp.swift */ = {isa = PBXFileReference; lastKnownFileType = sourcecode.swift; path = Quote_MachineApp.swift; sourceTree = "<group>"; };
		EFE3BD652537D99600419185 /* ContentView.swift */ = {isa = PBXFileReference; lastKnownFileType = sourcecode.swift; path = ContentView.swift; sourceTree = "<group>"; };
		EFE3BD672537D99700419185 /* Assets.xcassets */ = {isa = PBXFileReference; lastKnownFileType = folder.assetcatalog; path = Assets.xcassets; sourceTree = "<group>"; };
		EFE3BD6A2537D99700419185 /* Preview Assets.xcassets */ = {isa = PBXFileReference; lastKnownFileType = folder.assetcatalog; path = "Preview Assets.xcassets"; sourceTree = "<group>"; };
		EFE3BD6C2537D99700419185 /* Info.plist */ = {isa = PBXFileReference; lastKnownFileType = text.plist.xml; path = Info.plist; sourceTree = "<group>"; };
		EFE3BD732537DAA300419185 /* NewQuoteView.swift */ = {isa = PBXFileReference; fileEncoding = 4; lastKnownFileType = sourcecode.swift; path = NewQuoteView.swift; sourceTree = "<group>"; };
		EFE3BD772537DF1F00419185 /* Quotes.swift */ = {isa = PBXFileReference; lastKnownFileType = sourcecode.swift; path = Quotes.swift; sourceTree = "<group>"; };
		EFE3BD7E253A3D2100419185 /* Quote_Machine.entitlements */ = {isa = PBXFileReference; lastKnownFileType = text.plist.entitlements; path = Quote_Machine.entitlements; sourceTree = "<group>"; };
		EFE3BD84253A3D6B00419185 /* QuoteMachineWidgetExtension.appex */ = {isa = PBXFileReference; explicitFileType = "wrapper.app-extension"; includeInIndex = 0; path = QuoteMachineWidgetExtension.appex; sourceTree = BUILT_PRODUCTS_DIR; };
		EFE3BD86253A3D6B00419185 /* WidgetKit.framework */ = {isa = PBXFileReference; lastKnownFileType = wrapper.framework; name = WidgetKit.framework; path = System/Library/Frameworks/WidgetKit.framework; sourceTree = SDKROOT; };
		EFE3BD88253A3D6B00419185 /* SwiftUI.framework */ = {isa = PBXFileReference; lastKnownFileType = wrapper.framework; name = SwiftUI.framework; path = System/Library/Frameworks/SwiftUI.framework; sourceTree = SDKROOT; };
		EFE3BD8B253A3D6B00419185 /* QuoteMachineWidget.swift */ = {isa = PBXFileReference; lastKnownFileType = sourcecode.swift; path = QuoteMachineWidget.swift; sourceTree = "<group>"; };
		EFE3BD8D253A3D6B00419185 /* QuoteMachineWidget.intentdefinition */ = {isa = PBXFileReference; lastKnownFileType = file.intentdefinition; path = QuoteMachineWidget.intentdefinition; sourceTree = "<group>"; };
		EFE3BD8E253A3D6C00419185 /* Assets.xcassets */ = {isa = PBXFileReference; lastKnownFileType = folder.assetcatalog; path = Assets.xcassets; sourceTree = "<group>"; };
		EFE3BD90253A3D6C00419185 /* Info.plist */ = {isa = PBXFileReference; lastKnownFileType = text.plist.xml; path = Info.plist; sourceTree = "<group>"; };
		EFE3BD9C253A3D8C00419185 /* QuoteMachineWidgetExtension.entitlements */ = {isa = PBXFileReference; lastKnownFileType = text.plist.entitlements; path = QuoteMachineWidgetExtension.entitlements; sourceTree = "<group>"; };
/* End PBXFileReference section */

/* Begin PBXFrameworksBuildPhase section */
		EFE3BD5D2537D99600419185 /* Frameworks */ = {
			isa = PBXFrameworksBuildPhase;
			buildActionMask = 2147483647;
			files = (
			);
			runOnlyForDeploymentPostprocessing = 0;
		};
		EFE3BD81253A3D6B00419185 /* Frameworks */ = {
			isa = PBXFrameworksBuildPhase;
			buildActionMask = 2147483647;
			files = (
				EFE3BD89253A3D6B00419185 /* SwiftUI.framework in Frameworks */,
				EFE3BD87253A3D6B00419185 /* WidgetKit.framework in Frameworks */,
			);
			runOnlyForDeploymentPostprocessing = 0;
		};
/* End PBXFrameworksBuildPhase section */

/* Begin PBXGroup section */
		EFE3BD572537D99600419185 = {
			isa = PBXGroup;
			children = (
				EFE3BD9C253A3D8C00419185 /* QuoteMachineWidgetExtension.entitlements */,
				EFE3BD622537D99600419185 /* Quote_Machine */,
				EFE3BD8A253A3D6B00419185 /* QuoteMachineWidget */,
				EFE3BD85253A3D6B00419185 /* Frameworks */,
				EFE3BD612537D99600419185 /* Products */,
			);
			sourceTree = "<group>";
		};
		EFE3BD612537D99600419185 /* Products */ = {
			isa = PBXGroup;
			children = (
				EFE3BD602537D99600419185 /* Quote_Machine.app */,
				EFE3BD84253A3D6B00419185 /* QuoteMachineWidgetExtension.appex */,
			);
			name = Products;
			sourceTree = "<group>";
		};
		EFE3BD622537D99600419185 /* Quote_Machine */ = {
			isa = PBXGroup;
			children = (
				EFE3BD7E253A3D2100419185 /* Quote_Machine.entitlements */,
				EFE3BD632537D99600419185 /* Quote_MachineApp.swift */,
				EFE3BD652537D99600419185 /* ContentView.swift */,
				EFE3BD772537DF1F00419185 /* Quotes.swift */,
				EFE3BD732537DAA300419185 /* NewQuoteView.swift */,
				EFE3BD672537D99700419185 /* Assets.xcassets */,
				EFE3BD6C2537D99700419185 /* Info.plist */,
				EFE3BD692537D99700419185 /* Preview Content */,
			);
			path = Quote_Machine;
			sourceTree = "<group>";
		};
		EFE3BD692537D99700419185 /* Preview Content */ = {
			isa = PBXGroup;
			children = (
				EFE3BD6A2537D99700419185 /* Preview Assets.xcassets */,
			);
			path = "Preview Content";
			sourceTree = "<group>";
		};
		EFE3BD85253A3D6B00419185 /* Frameworks */ = {
			isa = PBXGroup;
			children = (
				EFE3BD86253A3D6B00419185 /* WidgetKit.framework */,
				EFE3BD88253A3D6B00419185 /* SwiftUI.framework */,
			);
			name = Frameworks;
			sourceTree = "<group>";
		};
		EFE3BD8A253A3D6B00419185 /* QuoteMachineWidget */ = {
			isa = PBXGroup;
			children = (
				EFE3BD8B253A3D6B00419185 /* QuoteMachineWidget.swift */,
				EFE3BD8D253A3D6B00419185 /* QuoteMachineWidget.intentdefinition */,
				EFE3BD8E253A3D6C00419185 /* Assets.xcassets */,
				EFE3BD90253A3D6C00419185 /* Info.plist */,
			);
			path = QuoteMachineWidget;
			sourceTree = "<group>";
		};
/* End PBXGroup section */

/* Begin PBXNativeTarget section */
		EFE3BD5F2537D99600419185 /* Quote_Machine */ = {
			isa = PBXNativeTarget;
			buildConfigurationList = EFE3BD6F2537D99700419185 /* Build configuration list for PBXNativeTarget "Quote_Machine" */;
			buildPhases = (
				EFE3BD5C2537D99600419185 /* Sources */,
				EFE3BD5D2537D99600419185 /* Frameworks */,
				EFE3BD5E2537D99600419185 /* Resources */,
				EFE3BD99253A3D6C00419185 /* Embed App Extensions */,
			);
			buildRules = (
			);
			dependencies = (
				EFE3BD94253A3D6C00419185 /* PBXTargetDependency */,
			);
			name = Quote_Machine;
			productName = Quote_Machine;
			productReference = EFE3BD602537D99600419185 /* Quote_Machine.app */;
			productType = "com.apple.product-type.application";
		};
		EFE3BD83253A3D6B00419185 /* QuoteMachineWidgetExtension */ = {
			isa = PBXNativeTarget;
			buildConfigurationList = EFE3BD96253A3D6C00419185 /* Build configuration list for PBXNativeTarget "QuoteMachineWidgetExtension" */;
			buildPhases = (
				EFE3BD80253A3D6B00419185 /* Sources */,
				EFE3BD81253A3D6B00419185 /* Frameworks */,
				EFE3BD82253A3D6B00419185 /* Resources */,
			);
			buildRules = (
			);
			dependencies = (
			);
			name = QuoteMachineWidgetExtension;
			productName = QuoteMachineWidgetExtension;
			productReference = EFE3BD84253A3D6B00419185 /* QuoteMachineWidgetExtension.appex */;
			productType = "com.apple.product-type.app-extension";
		};
/* End PBXNativeTarget section */

/* Begin PBXProject section */
		EFE3BD582537D99600419185 /* Project object */ = {
			isa = PBXProject;
			attributes = {
				LastSwiftUpdateCheck = 1200;
				LastUpgradeCheck = 1200;
				TargetAttributes = {
					EFE3BD5F2537D99600419185 = {
						CreatedOnToolsVersion = 12.0.1;
					};
					EFE3BD83253A3D6B00419185 = {
						CreatedOnToolsVersion = 12.0.1;
					};
				};
			};
			buildConfigurationList = EFE3BD5B2537D99600419185 /* Build configuration list for PBXProject "Quote_Machine" */;
			compatibilityVersion = "Xcode 9.3";
			developmentRegion = en;
			hasScannedForEncodings = 0;
			knownRegions = (
				en,
				Base,
			);
			mainGroup = EFE3BD572537D99600419185;
			productRefGroup = EFE3BD612537D99600419185 /* Products */;
			projectDirPath = "";
			projectRoot = "";
			targets = (
				EFE3BD5F2537D99600419185 /* Quote_Machine */,
				EFE3BD83253A3D6B00419185 /* QuoteMachineWidgetExtension */,
			);
		};
/* End PBXProject section */

/* Begin PBXResourcesBuildPhase section */
		EFE3BD5E2537D99600419185 /* Resources */ = {
			isa = PBXResourcesBuildPhase;
			buildActionMask = 2147483647;
			files = (
				EFE3BD6B2537D99700419185 /* Preview Assets.xcassets in Resources */,
				EFE3BD682537D99700419185 /* Assets.xcassets in Resources */,
			);
			runOnlyForDeploymentPostprocessing = 0;
		};
		EFE3BD82253A3D6B00419185 /* Resources */ = {
			isa = PBXResourcesBuildPhase;
			buildActionMask = 2147483647;
			files = (
				EFE3BD8F253A3D6C00419185 /* Assets.xcassets in Resources */,
			);
			runOnlyForDeploymentPostprocessing = 0;
		};
/* End PBXResourcesBuildPhase section */

/* Begin PBXSourcesBuildPhase section */
		EFE3BD5C2537D99600419185 /* Sources */ = {
			isa = PBXSourcesBuildPhase;
			buildActionMask = 2147483647;
			files = (
				EFE3BD92253A3D6C00419185 /* QuoteMachineWidget.intentdefinition in Sources */,
				EFE3BD782537DF2000419185 /* Quotes.swift in Sources */,
				EFE3BD742537DAA300419185 /* NewQuoteView.swift in Sources */,
				EFE3BD662537D99600419185 /* ContentView.swift in Sources */,
				EFE3BD642537D99600419185 /* Quote_MachineApp.swift in Sources */,
			);
			runOnlyForDeploymentPostprocessing = 0;
		};
		EFE3BD80253A3D6B00419185 /* Sources */ = {
			isa = PBXSourcesBuildPhase;
			buildActionMask = 2147483647;
			files = (
				EFE3BD8C253A3D6B00419185 /* QuoteMachineWidget.swift in Sources */,
				EFE3BD91253A3D6C00419185 /* QuoteMachineWidget.intentdefinition in Sources */,
			);
			runOnlyForDeploymentPostprocessing = 0;
		};
/* End PBXSourcesBuildPhase section */

/* Begin PBXTargetDependency section */
		EFE3BD94253A3D6C00419185 /* PBXTargetDependency */ = {
			isa = PBXTargetDependency;
			target = EFE3BD83253A3D6B00419185 /* QuoteMachineWidgetExtension */;
			targetProxy = EFE3BD93253A3D6C00419185 /* PBXContainerItemProxy */;
		};
/* End PBXTargetDependency section */

/* Begin XCBuildConfiguration section */
		EFE3BD6D2537D99700419185 /* Debug */ = {
			isa = XCBuildConfiguration;
			buildSettings = {
				ALWAYS_SEARCH_USER_PATHS = NO;
				CLANG_ANALYZER_NONNULL = YES;
				CLANG_ANALYZER_NUMBER_OBJECT_CONVERSION = YES_AGGRESSIVE;
				CLANG_CXX_LANGUAGE_STANDARD = "gnu++14";
				CLANG_CXX_LIBRARY = "libc++";
				CLANG_ENABLE_MODULES = YES;
				CLANG_ENABLE_OBJC_ARC = YES;
				CLANG_ENABLE_OBJC_WEAK = YES;
				CLANG_WARN_BLOCK_CAPTURE_AUTORELEASING = YES;
				CLANG_WARN_BOOL_CONVERSION = YES;
				CLANG_WARN_COMMA = YES;
				CLANG_WARN_CONSTANT_CONVERSION = YES;
				CLANG_WARN_DEPRECATED_OBJC_IMPLEMENTATIONS = YES;
				CLANG_WARN_DIRECT_OBJC_ISA_USAGE = YES_ERROR;
				CLANG_WARN_DOCUMENTATION_COMMENTS = YES;
				CLANG_WARN_EMPTY_BODY = YES;
				CLANG_WARN_ENUM_CONVERSION = YES;
				CLANG_WARN_INFINITE_RECURSION = YES;
				CLANG_WARN_INT_CONVERSION = YES;
				CLANG_WARN_NON_LITERAL_NULL_CONVERSION = YES;
				CLANG_WARN_OBJC_IMPLICIT_RETAIN_SELF = YES;
				CLANG_WARN_OBJC_LITERAL_CONVERSION = YES;
				CLANG_WARN_OBJC_ROOT_CLASS = YES_ERROR;
				CLANG_WARN_QUOTED_INCLUDE_IN_FRAMEWORK_HEADER = YES;
				CLANG_WARN_RANGE_LOOP_ANALYSIS = YES;
				CLANG_WARN_STRICT_PROTOTYPES = YES;
				CLANG_WARN_SUSPICIOUS_MOVE = YES;
				CLANG_WARN_UNGUARDED_AVAILABILITY = YES_AGGRESSIVE;
				CLANG_WARN_UNREACHABLE_CODE = YES;
				CLANG_WARN__DUPLICATE_METHOD_MATCH = YES;
				COPY_PHASE_STRIP = NO;
				DEBUG_INFORMATION_FORMAT = dwarf;
				ENABLE_STRICT_OBJC_MSGSEND = YES;
				ENABLE_TESTABILITY = YES;
				GCC_C_LANGUAGE_STANDARD = gnu11;
				GCC_DYNAMIC_NO_PIC = NO;
				GCC_NO_COMMON_BLOCKS = YES;
				GCC_OPTIMIZATION_LEVEL = 0;
				GCC_PREPROCESSOR_DEFINITIONS = (
					"DEBUG=1",
					"$(inherited)",
				);
				GCC_WARN_64_TO_32_BIT_CONVERSION = YES;
				GCC_WARN_ABOUT_RETURN_TYPE = YES_ERROR;
				GCC_WARN_UNDECLARED_SELECTOR = YES;
				GCC_WARN_UNINITIALIZED_AUTOS = YES_AGGRESSIVE;
				GCC_WARN_UNUSED_FUNCTION = YES;
				GCC_WARN_UNUSED_VARIABLE = YES;
				IPHONEOS_DEPLOYMENT_TARGET = 14.0;
				MTL_ENABLE_DEBUG_INFO = INCLUDE_SOURCE;
				MTL_FAST_MATH = YES;
				ONLY_ACTIVE_ARCH = YES;
				SDKROOT = iphoneos;
				SWIFT_ACTIVE_COMPILATION_CONDITIONS = DEBUG;
				SWIFT_OPTIMIZATION_LEVEL = "-Onone";
			};
			name = Debug;
		};
		EFE3BD6E2537D99700419185 /* Release */ = {
			isa = XCBuildConfiguration;
			buildSettings = {
				ALWAYS_SEARCH_USER_PATHS = NO;
				CLANG_ANALYZER_NONNULL = YES;
				CLANG_ANALYZER_NUMBER_OBJECT_CONVERSION = YES_AGGRESSIVE;
				CLANG_CXX_LANGUAGE_STANDARD = "gnu++14";
				CLANG_CXX_LIBRARY = "libc++";
				CLANG_ENABLE_MODULES = YES;
				CLANG_ENABLE_OBJC_ARC = YES;
				CLANG_ENABLE_OBJC_WEAK = YES;
				CLANG_WARN_BLOCK_CAPTURE_AUTORELEASING = YES;
				CLANG_WARN_BOOL_CONVERSION = YES;
				CLANG_WARN_COMMA = YES;
				CLANG_WARN_CONSTANT_CONVERSION = YES;
				CLANG_WARN_DEPRECATED_OBJC_IMPLEMENTATIONS = YES;
				CLANG_WARN_DIRECT_OBJC_ISA_USAGE = YES_ERROR;
				CLANG_WARN_DOCUMENTATION_COMMENTS = YES;
				CLANG_WARN_EMPTY_BODY = YES;
				CLANG_WARN_ENUM_CONVERSION = YES;
				CLANG_WARN_INFINITE_RECURSION = YES;
				CLANG_WARN_INT_CONVERSION = YES;
				CLANG_WARN_NON_LITERAL_NULL_CONVERSION = YES;
				CLANG_WARN_OBJC_IMPLICIT_RETAIN_SELF = YES;
				CLANG_WARN_OBJC_LITERAL_CONVERSION = YES;
				CLANG_WARN_OBJC_ROOT_CLASS = YES_ERROR;
				CLANG_WARN_QUOTED_INCLUDE_IN_FRAMEWORK_HEADER = YES;
				CLANG_WARN_RANGE_LOOP_ANALYSIS = YES;
				CLANG_WARN_STRICT_PROTOTYPES = YES;
				CLANG_WARN_SUSPICIOUS_MOVE = YES;
				CLANG_WARN_UNGUARDED_AVAILABILITY = YES_AGGRESSIVE;
				CLANG_WARN_UNREACHABLE_CODE = YES;
				CLANG_WARN__DUPLICATE_METHOD_MATCH = YES;
				COPY_PHASE_STRIP = NO;
				DEBUG_INFORMATION_FORMAT = "dwarf-with-dsym";
				ENABLE_NS_ASSERTIONS = NO;
				ENABLE_STRICT_OBJC_MSGSEND = YES;
				GCC_C_LANGUAGE_STANDARD = gnu11;
				GCC_NO_COMMON_BLOCKS = YES;
				GCC_WARN_64_TO_32_BIT_CONVERSION = YES;
				GCC_WARN_ABOUT_RETURN_TYPE = YES_ERROR;
				GCC_WARN_UNDECLARED_SELECTOR = YES;
				GCC_WARN_UNINITIALIZED_AUTOS = YES_AGGRESSIVE;
				GCC_WARN_UNUSED_FUNCTION = YES;
				GCC_WARN_UNUSED_VARIABLE = YES;
				IPHONEOS_DEPLOYMENT_TARGET = 14.0;
				MTL_ENABLE_DEBUG_INFO = NO;
				MTL_FAST_MATH = YES;
				SDKROOT = iphoneos;
				SWIFT_COMPILATION_MODE = wholemodule;
				SWIFT_OPTIMIZATION_LEVEL = "-O";
				VALIDATE_PRODUCT = YES;
			};
			name = Release;
		};
		EFE3BD702537D99700419185 /* Debug */ = {
			isa = XCBuildConfiguration;
			buildSettings = {
				ALWAYS_EMBED_SWIFT_STANDARD_LIBRARIES = YES;
				ASSETCATALOG_COMPILER_APPICON_NAME = AppIcon;
				ASSETCATALOG_COMPILER_GLOBAL_ACCENT_COLOR_NAME = AccentColor;
				CODE_SIGN_ENTITLEMENTS = Quote_Machine/Quote_Machine.entitlements;
				CODE_SIGN_STYLE = Automatic;
				DEVELOPMENT_ASSET_PATHS = "\"Quote_Machine/Preview Content\"";
				DEVELOPMENT_TEAM = W7NRZ36TBY;
				ENABLE_PREVIEWS = YES;
				INFOPLIST_FILE = Quote_Machine/Info.plist;
				IPHONEOS_DEPLOYMENT_TARGET = 14.0;
				LD_RUNPATH_SEARCH_PATHS = (
					"$(inherited)",
					"@executable_path/Frameworks",
				);
				PRODUCT_BUNDLE_IDENTIFIER = com.michaellefevre.testing;
				PRODUCT_NAME = "$(TARGET_NAME)";
				SWIFT_VERSION = 5.0;
				TARGETED_DEVICE_FAMILY = "1,2";
			};
			name = Debug;
		};
		EFE3BD712537D99700419185 /* Release */ = {
			isa = XCBuildConfiguration;
			buildSettings = {
				ALWAYS_EMBED_SWIFT_STANDARD_LIBRARIES = YES;
				ASSETCATALOG_COMPILER_APPICON_NAME = AppIcon;
				ASSETCATALOG_COMPILER_GLOBAL_ACCENT_COLOR_NAME = AccentColor;
				CODE_SIGN_ENTITLEMENTS = Quote_Machine/Quote_Machine.entitlements;
				CODE_SIGN_STYLE = Automatic;
				DEVELOPMENT_ASSET_PATHS = "\"Quote_Machine/Preview Content\"";
				DEVELOPMENT_TEAM = W7NRZ36TBY;
				ENABLE_PREVIEWS = YES;
				INFOPLIST_FILE = Quote_Machine/Info.plist;
				IPHONEOS_DEPLOYMENT_TARGET = 14.0;
				LD_RUNPATH_SEARCH_PATHS = (
					"$(inherited)",
					"@executable_path/Frameworks",
				);
				PRODUCT_BUNDLE_IDENTIFIER = com.michaellefevre.testing;
				PRODUCT_NAME = "$(TARGET_NAME)";
				SWIFT_VERSION = 5.0;
				TARGETED_DEVICE_FAMILY = "1,2";
			};
			name = Release;
		};
		EFE3BD97253A3D6C00419185 /* Debug */ = {
			isa = XCBuildConfiguration;
			buildSettings = {
				ASSETCATALOG_COMPILER_GLOBAL_ACCENT_COLOR_NAME = AccentColor;
				ASSETCATALOG_COMPILER_WIDGET_BACKGROUND_COLOR_NAME = WidgetBackground;
				CODE_SIGN_ENTITLEMENTS = QuoteMachineWidgetExtension.entitlements;
				CODE_SIGN_STYLE = Automatic;
				DEVELOPMENT_TEAM = W7NRZ36TBY;
				INFOPLIST_FILE = QuoteMachineWidget/Info.plist;
				LD_RUNPATH_SEARCH_PATHS = (
					"$(inherited)",
					"@executable_path/Frameworks",
					"@executable_path/../../Frameworks",
				);
				PRODUCT_BUNDLE_IDENTIFIER = com.michaellefevre.testing.QuoteMachineWidget;
				PRODUCT_NAME = "$(TARGET_NAME)";
				SKIP_INSTALL = YES;
				SWIFT_VERSION = 5.0;
				TARGETED_DEVICE_FAMILY = "1,2";
			};
			name = Debug;
		};
		EFE3BD98253A3D6C00419185 /* Release */ = {
			isa = XCBuildConfiguration;
			buildSettings = {
				ASSETCATALOG_COMPILER_GLOBAL_ACCENT_COLOR_NAME = AccentColor;
				ASSETCATALOG_COMPILER_WIDGET_BACKGROUND_COLOR_NAME = WidgetBackground;
				CODE_SIGN_ENTITLEMENTS = QuoteMachineWidgetExtension.entitlements;
				CODE_SIGN_STYLE = Automatic;
				DEVELOPMENT_TEAM = W7NRZ36TBY;
				INFOPLIST_FILE = QuoteMachineWidget/Info.plist;
				LD_RUNPATH_SEARCH_PATHS = (
					"$(inherited)",
					"@executable_path/Frameworks",
					"@executable_path/../../Frameworks",
				);
				PRODUCT_BUNDLE_IDENTIFIER = com.michaellefevre.testing.QuoteMachineWidget;
				PRODUCT_NAME = "$(TARGET_NAME)";
				SKIP_INSTALL = YES;
				SWIFT_VERSION = 5.0;
				TARGETED_DEVICE_FAMILY = "1,2";
			};
			name = Release;
		};
/* End XCBuildConfiguration section */

/* Begin XCConfigurationList section */
		EFE3BD5B2537D99600419185 /* Build configuration list for PBXProject "Quote_Machine" */ = {
			isa = XCConfigurationList;
			buildConfigurations = (
				EFE3BD6D2537D99700419185 /* Debug */,
				EFE3BD6E2537D99700419185 /* Release */,
			);
			defaultConfigurationIsVisible = 0;
			defaultConfigurationName = Release;
		};
		EFE3BD6F2537D99700419185 /* Build configuration list for PBXNativeTarget "Quote_Machine" */ = {
			isa = XCConfigurationList;
			buildConfigurations = (
				EFE3BD702537D99700419185 /* Debug */,
				EFE3BD712537D99700419185 /* Release */,
			);
			defaultConfigurationIsVisible = 0;
			defaultConfigurationName = Release;
		};
		EFE3BD96253A3D6C00419185 /* Build configuration list for PBXNativeTarget "QuoteMachineWidgetExtension" */ = {
			isa = XCConfigurationList;
			buildConfigurations = (
				EFE3BD97253A3D6C00419185 /* Debug */,
				EFE3BD98253A3D6C00419185 /* Release */,
			);
			defaultConfigurationIsVisible = 0;
			defaultConfigurationName = Release;
		};
/* End XCConfigurationList section */
	};
	rootObject = EFE3BD582537D99600419185 /* Project object */;
}
